// !$*UTF8*$!
{
	archiveVersion = 1;
	classes = {
	};
	objectVersion = 46;
	objects = {

/* Begin PBXBuildFile section */
		264400411A6EC97A000B233C /* AppDelegate.swift in Sources */ = {isa = PBXBuildFile; fileRef = 264400401A6EC97A000B233C /* AppDelegate.swift */; };
		264400431A6EC97A000B233C /* ViewController.swift in Sources */ = {isa = PBXBuildFile; fileRef = 264400421A6EC97A000B233C /* ViewController.swift */; };
		264400461A6EC97A000B233C /* Main.storyboard in Resources */ = {isa = PBXBuildFile; fileRef = 264400441A6EC97A000B233C /* Main.storyboard */; };
		264400481A6EC97A000B233C /* Images.xcassets in Resources */ = {isa = PBXBuildFile; fileRef = 264400471A6EC97A000B233C /* Images.xcassets */; };
		2644004B1A6EC97A000B233C /* LaunchScreen.xib in Resources */ = {isa = PBXBuildFile; fileRef = 264400491A6EC97A000B233C /* LaunchScreen.xib */; };
		264400571A6EC97A000B233C /* ChatViewTests.swift in Sources */ = {isa = PBXBuildFile; fileRef = 264400561A6EC97A000B233C /* ChatViewTests.swift */; };
		264400611A6ECBBD000B233C /* ChatView.swift in Sources */ = {isa = PBXBuildFile; fileRef = 264400601A6ECBBD000B233C /* ChatView.swift */; };
		264400631A6ECCB2000B233C /* ChatView.xib in Resources */ = {isa = PBXBuildFile; fileRef = 264400621A6ECCB2000B233C /* ChatView.xib */; };
/* End PBXBuildFile section */

/* Begin PBXContainerItemProxy section */
		264400511A6EC97A000B233C /* PBXContainerItemProxy */ = {
			isa = PBXContainerItemProxy;
			containerPortal = 264400331A6EC97A000B233C /* Project object */;
			proxyType = 1;
			remoteGlobalIDString = 2644003A1A6EC97A000B233C;
			remoteInfo = ChatView;
		};
/* End PBXContainerItemProxy section */

/* Begin PBXFileReference section */
		2644003B1A6EC97A000B233C /* ChatView.app */ = {isa = PBXFileReference; explicitFileType = wrapper.application; includeInIndex = 0; path = ChatView.app; sourceTree = BUILT_PRODUCTS_DIR; };
		2644003F1A6EC97A000B233C /* Info.plist */ = {isa = PBXFileReference; lastKnownFileType = text.plist.xml; path = Info.plist; sourceTree = "<group>"; };
		264400401A6EC97A000B233C /* AppDelegate.swift */ = {isa = PBXFileReference; lastKnownFileType = sourcecode.swift; path = AppDelegate.swift; sourceTree = "<group>"; };
		264400421A6EC97A000B233C /* ViewController.swift */ = {isa = PBXFileReference; lastKnownFileType = sourcecode.swift; path = ViewController.swift; sourceTree = "<group>"; };
		264400451A6EC97A000B233C /* Base */ = {isa = PBXFileReference; lastKnownFileType = file.storyboard; name = Base; path = Base.lproj/Main.storyboard; sourceTree = "<group>"; };
		264400471A6EC97A000B233C /* Images.xcassets */ = {isa = PBXFileReference; lastKnownFileType = folder.assetcatalog; path = Images.xcassets; sourceTree = "<group>"; };
		2644004A1A6EC97A000B233C /* Base */ = {isa = PBXFileReference; lastKnownFileType = file.xib; name = Base; path = Base.lproj/LaunchScreen.xib; sourceTree = "<group>"; };
		264400501A6EC97A000B233C /* ChatViewTests.xctest */ = {isa = PBXFileReference; explicitFileType = wrapper.cfbundle; includeInIndex = 0; path = ChatViewTests.xctest; sourceTree = BUILT_PRODUCTS_DIR; };
		264400551A6EC97A000B233C /* Info.plist */ = {isa = PBXFileReference; lastKnownFileType = text.plist.xml; path = Info.plist; sourceTree = "<group>"; };
		264400561A6EC97A000B233C /* ChatViewTests.swift */ = {isa = PBXFileReference; lastKnownFileType = sourcecode.swift; path = ChatViewTests.swift; sourceTree = "<group>"; };
		264400601A6ECBBD000B233C /* ChatView.swift */ = {isa = PBXFileReference; fileEncoding = 4; lastKnownFileType = sourcecode.swift; path = ChatView.swift; sourceTree = "<group>"; };
		264400621A6ECCB2000B233C /* ChatView.xib */ = {isa = PBXFileReference; fileEncoding = 4; lastKnownFileType = file.xib; path = ChatView.xib; sourceTree = "<group>"; };
/* End PBXFileReference section */

/* Begin PBXFrameworksBuildPhase section */
		264400381A6EC97A000B233C /* Frameworks */ = {
			isa = PBXFrameworksBuildPhase;
			buildActionMask = 2147483647;
			files = (
			);
			runOnlyForDeploymentPostprocessing = 0;
		};
		2644004D1A6EC97A000B233C /* Frameworks */ = {
			isa = PBXFrameworksBuildPhase;
			buildActionMask = 2147483647;
			files = (
			);
			runOnlyForDeploymentPostprocessing = 0;
		};
/* End PBXFrameworksBuildPhase section */

/* Begin PBXGroup section */
		264400321A6EC97A000B233C = {
			isa = PBXGroup;
			children = (
				2644003D1A6EC97A000B233C /* ChatView */,
				264400531A6EC97A000B233C /* ChatViewTests */,
				2644003C1A6EC97A000B233C /* Products */,
			);
			sourceTree = "<group>";
		};
		2644003C1A6EC97A000B233C /* Products */ = {
			isa = PBXGroup;
			children = (
				2644003B1A6EC97A000B233C /* ChatView.app */,
				264400501A6EC97A000B233C /* ChatViewTests.xctest */,
			);
			name = Products;
			sourceTree = "<group>";
		};
		2644003D1A6EC97A000B233C /* ChatView */ = {
			isa = PBXGroup;
			children = (
				264400401A6EC97A000B233C /* AppDelegate.swift */,
				264400421A6EC97A000B233C /* ViewController.swift */,
				264400441A6EC97A000B233C /* Main.storyboard */,
				264400601A6ECBBD000B233C /* ChatView.swift */,
				264400621A6ECCB2000B233C /* ChatView.xib */,
				264400471A6EC97A000B233C /* Images.xcassets */,
				264400491A6EC97A000B233C /* LaunchScreen.xib */,
				2644003E1A6EC97A000B233C /* Supporting Files */,
			);
			path = ChatView;
			sourceTree = "<group>";
		};
		2644003E1A6EC97A000B233C /* Supporting Files */ = {
			isa = PBXGroup;
			children = (
				2644003F1A6EC97A000B233C /* Info.plist */,
			);
			name = "Supporting Files";
			sourceTree = "<group>";
		};
		264400531A6EC97A000B233C /* ChatViewTests */ = {
			isa = PBXGroup;
			children = (
				264400561A6EC97A000B233C /* ChatViewTests.swift */,
				264400541A6EC97A000B233C /* Supporting Files */,
			);
			path = ChatViewTests;
			sourceTree = "<group>";
		};
		264400541A6EC97A000B233C /* Supporting Files */ = {
			isa = PBXGroup;
			children = (
				264400551A6EC97A000B233C /* Info.plist */,
			);
			name = "Supporting Files";
			sourceTree = "<group>";
		};
/* End PBXGroup section */

/* Begin PBXNativeTarget section */
		2644003A1A6EC97A000B233C /* ChatView */ = {
			isa = PBXNativeTarget;
			buildConfigurationList = 2644005A1A6EC97A000B233C /* Build configuration list for PBXNativeTarget "ChatView" */;
			buildPhases = (
				264400371A6EC97A000B233C /* Sources */,
				264400381A6EC97A000B233C /* Frameworks */,
				264400391A6EC97A000B233C /* Resources */,
			);
			buildRules = (
			);
			dependencies = (
			);
			name = ChatView;
			productName = ChatView;
			productReference = 2644003B1A6EC97A000B233C /* ChatView.app */;
			productType = "com.apple.product-type.application";
		};
		2644004F1A6EC97A000B233C /* ChatViewTests */ = {
			isa = PBXNativeTarget;
			buildConfigurationList = 2644005D1A6EC97A000B233C /* Build configuration list for PBXNativeTarget "ChatViewTests" */;
			buildPhases = (
				2644004C1A6EC97A000B233C /* Sources */,
				2644004D1A6EC97A000B233C /* Frameworks */,
				2644004E1A6EC97A000B233C /* Resources */,
			);
			buildRules = (
			);
			dependencies = (
				264400521A6EC97A000B233C /* PBXTargetDependency */,
			);
			name = ChatViewTests;
			productName = ChatViewTests;
			productReference = 264400501A6EC97A000B233C /* ChatViewTests.xctest */;
			productType = "com.apple.product-type.bundle.unit-test";
		};
/* End PBXNativeTarget section */

/* Begin PBXProject section */
		264400331A6EC97A000B233C /* Project object */ = {
			isa = PBXProject;
			attributes = {
				LastUpgradeCheck = 0610;
				ORGANIZATIONNAME = KK;
				TargetAttributes = {
					2644003A1A6EC97A000B233C = {
						CreatedOnToolsVersion = 6.1.1;
					};
					2644004F1A6EC97A000B233C = {
						CreatedOnToolsVersion = 6.1.1;
						TestTargetID = 2644003A1A6EC97A000B233C;
					};
				};
			};
			buildConfigurationList = 264400361A6EC97A000B233C /* Build configuration list for PBXProject "ChatView" */;
			compatibilityVersion = "Xcode 3.2";
			developmentRegion = English;
			hasScannedForEncodings = 0;
			knownRegions = (
				en,
				Base,
			);
			mainGroup = 264400321A6EC97A000B233C;
			productRefGroup = 2644003C1A6EC97A000B233C /* Products */;
			projectDirPath = "";
			projectRoot = "";
			targets = (
				2644003A1A6EC97A000B233C /* ChatView */,
				2644004F1A6EC97A000B233C /* ChatViewTests */,
			);
		};
/* End PBXProject section */

/* Begin PBXResourcesBuildPhase section */
		264400391A6EC97A000B233C /* Resources */ = {
			isa = PBXResourcesBuildPhase;
			buildActionMask = 2147483647;
			files = (
				264400631A6ECCB2000B233C /* ChatView.xib in Resources */,
				264400461A6EC97A000B233C /* Main.storyboard in Resources */,
				2644004B1A6EC97A000B233C /* LaunchScreen.xib in Resources */,
				264400481A6EC97A000B233C /* Images.xcassets in Resources */,
			);
			runOnlyForDeploymentPostprocessing = 0;
		};
		2644004E1A6EC97A000B233C /* Resources */ = {
			isa = PBXResourcesBuildPhase;
			buildActionMask = 2147483647;
			files = (
			);
			runOnlyForDeploymentPostprocessing = 0;
		};
/* End PBXResourcesBuildPhase section */

/* Begin PBXSourcesBuildPhase section */
		264400371A6EC97A000B233C /* Sources */ = {
			isa = PBXSourcesBuildPhase;
			buildActionMask = 2147483647;
			files = (
				264400431A6EC97A000B233C /* ViewController.swift in Sources */,
				264400611A6ECBBD000B233C /* ChatView.swift in Sources */,
				264400411A6EC97A000B233C /* AppDelegate.swift in Sources */,
			);
			runOnlyForDeploymentPostprocessing = 0;
		};
		2644004C1A6EC97A000B233C /* Sources */ = {
			isa = PBXSourcesBuildPhase;
			buildActionMask = 2147483647;
			files = (
				264400571A6EC97A000B233C /* ChatViewTests.swift in Sources */,
			);
			runOnlyForDeploymentPostprocessing = 0;
		};
/* End PBXSourcesBuildPhase section */

/* Begin PBXTargetDependency section */
		264400521A6EC97A000B233C /* PBXTargetDependency */ = {
			isa = PBXTargetDependency;
			target = 2644003A1A6EC97A000B233C /* ChatView */;
			targetProxy = 264400511A6EC97A000B233C /* PBXContainerItemProxy */;
		};
/* End PBXTargetDependency section */

/* Begin PBXVariantGroup section */
		264400441A6EC97A000B233C /* Main.storyboard */ = {
			isa = PBXVariantGroup;
			children = (
				264400451A6EC97A000B233C /* Base */,
			);
			name = Main.storyboard;
			sourceTree = "<group>";
		};
		264400491A6EC97A000B233C /* LaunchScreen.xib */ = {
			isa = PBXVariantGroup;
			children = (
				2644004A1A6EC97A000B233C /* Base */,
			);
			name = LaunchScreen.xib;
			sourceTree = "<group>";
		};
/* End PBXVariantGroup section */

/* Begin XCBuildConfiguration section */
		264400581A6EC97A000B233C /* Debug */ = {
			isa = XCBuildConfiguration;
			buildSettings = {
				ALWAYS_SEARCH_USER_PATHS = NO;
				CLANG_CXX_LANGUAGE_STANDARD = "gnu++0x";
				CLANG_CXX_LIBRARY = "libc++";
				CLANG_ENABLE_MODULES = YES;
				CLANG_ENABLE_OBJC_ARC = YES;
				CLANG_WARN_BOOL_CONVERSION = YES;
				CLANG_WARN_CONSTANT_CONVERSION = YES;
				CLANG_WARN_DIRECT_OBJC_ISA_USAGE = YES_ERROR;
				CLANG_WARN_EMPTY_BODY = YES;
				CLANG_WARN_ENUM_CONVERSION = YES;
				CLANG_WARN_INT_CONVERSION = YES;
				CLANG_WARN_OBJC_ROOT_CLASS = YES_ERROR;
				CLANG_WARN_UNREACHABLE_CODE = YES;
				CLANG_WARN__DUPLICATE_METHOD_MATCH = YES;
				"CODE_SIGN_IDENTITY[sdk=iphoneos*]" = "iPhone Developer";
				COPY_PHASE_STRIP = NO;
				ENABLE_STRICT_OBJC_MSGSEND = YES;
				GCC_C_LANGUAGE_STANDARD = gnu99;
				GCC_DYNAMIC_NO_PIC = NO;
				GCC_OPTIMIZATION_LEVEL = 0;
				GCC_PREPROCESSOR_DEFINITIONS = (
					"DEBUG=1",
					"$(inherited)",
				);
				GCC_SYMBOLS_PRIVATE_EXTERN = NO;
				GCC_WARN_64_TO_32_BIT_CONVERSION = YES;
				GCC_WARN_ABOUT_RETURN_TYPE = YES_ERROR;
				GCC_WARN_UNDECLARED_SELECTOR = YES;
				GCC_WARN_UNINITIALIZED_AUTOS = YES_AGGRESSIVE;
				GCC_WARN_UNUSED_FUNCTION = YES;
				GCC_WARN_UNUSED_VARIABLE = YES;
				IPHONEOS_DEPLOYMENT_TARGET = 8.1;
				MTL_ENABLE_DEBUG_INFO = YES;
				ONLY_ACTIVE_ARCH = YES;
				SDKROOT = iphoneos;
				SWIFT_OPTIMIZATION_LEVEL = "-Onone";
			};
			name = Debug;
		};
		264400591A6EC97A000B233C /* Release */ = {
			isa = XCBuildConfiguration;
			buildSettings = {
				ALWAYS_SEARCH_USER_PATHS = NO;
				CLANG_CXX_LANGUAGE_STANDARD = "gnu++0x";
				CLANG_CXX_LIBRARY = "libc++";
				CLANG_ENABLE_MODULES = YES;
				CLANG_ENABLE_OBJC_ARC = YES;
				CLANG_WARN_BOOL_CONVERSION = YES;
				CLANG_WARN_CONSTANT_CONVERSION = YES;
				CLANG_WARN_DIRECT_OBJC_ISA_USAGE = YES_ERROR;
				CLANG_WARN_EMPTY_BODY = YES;
				CLANG_WARN_ENUM_CONVERSION = YES;
				CLANG_WARN_INT_CONVERSION = YES;
				CLANG_WARN_OBJC_ROOT_CLASS = YES_ERROR;
				CLANG_WARN_UNREACHABLE_CODE = YES;
				CLANG_WARN__DUPLICATE_METHOD_MATCH = YES;
				"CODE_SIGN_IDENTITY[sdk=iphoneos*]" = "iPhone Developer";
				COPY_PHASE_STRIP = YES;
				ENABLE_NS_ASSERTIONS = NO;
				ENABLE_STRICT_OBJC_MSGSEND = YES;
				GCC_C_LANGUAGE_STANDARD = gnu99;
				GCC_WARN_64_TO_32_BIT_CONVERSION = YES;
				GCC_WARN_ABOUT_RETURN_TYPE = YES_ERROR;
				GCC_WARN_UNDECLARED_SELECTOR = YES;
				GCC_WARN_UNINITIALIZED_AUTOS = YES_AGGRESSIVE;
				GCC_WARN_UNUSED_FUNCTION = YES;
				GCC_WARN_UNUSED_VARIABLE = YES;
				IPHONEOS_DEPLOYMENT_TARGET = 8.1;
				MTL_ENABLE_DEBUG_INFO = NO;
				SDKROOT = iphoneos;
				VALIDATE_PRODUCT = YES;
			};
			name = Release;
		};
		2644005B1A6EC97A000B233C /* Debug */ = {
			isa = XCBuildConfiguration;
			buildSettings = {
				ASSETCATALOG_COMPILER_APPICON_NAME = AppIcon;
				INFOPLIST_FILE = ChatView/Info.plist;
				LD_RUNPATH_SEARCH_PATHS = "$(inherited) @executable_path/Frameworks";
				PRODUCT_NAME = "$(TARGET_NAME)";
			};
			name = Debug;
		};
		2644005C1A6EC97A000B233C /* Release */ = {
			isa = XCBuildConfiguration;
			buildSettings = {
				ASSETCATALOG_COMPILER_APPICON_NAME = AppIcon;
				INFOPLIST_FILE = ChatView/Info.plist;
				LD_RUNPATH_SEARCH_PATHS = "$(inherited) @executable_path/Frameworks";
				PRODUCT_NAME = "$(TARGET_NAME)";
			};
			name = Release;
		};
		2644005E1A6EC97A000B233C /* Debug */ = {
			isa = XCBuildConfiguration;
			buildSettings = {
				BUNDLE_LOADER = "$(TEST_HOST)";
				FRAMEWORK_SEARCH_PATHS = (
					"$(SDKROOT)/Developer/Library/Frameworks",
					"$(inherited)",
				);
				GCC_PREPROCESSOR_DEFINITIONS = (
					"DEBUG=1",
					"$(inherited)",
				);
				INFOPLIST_FILE = ChatViewTests/Info.plist;
				LD_RUNPATH_SEARCH_PATHS = "$(inherited) @executable_path/Frameworks @loader_path/Frameworks";
				PRODUCT_NAME = "$(TARGET_NAME)";
				TEST_HOST = "$(BUILT_PRODUCTS_DIR)/ChatView.app/ChatView";
			};
			name = Debug;
		};
		2644005F1A6EC97A000B233C /* Release */ = {
			isa = XCBuildConfiguration;
			buildSettings = {
				BUNDLE_LOADER = "$(TEST_HOST)";
				FRAMEWORK_SEARCH_PATHS = (
					"$(SDKROOT)/Developer/Library/Frameworks",
					"$(inherited)",
				);
				INFOPLIST_FILE = ChatViewTests/Info.plist;
				LD_RUNPATH_SEARCH_PATHS = "$(inherited) @executable_path/Frameworks @loader_path/Frameworks";
				PRODUCT_NAME = "$(TARGET_NAME)";
				TEST_HOST = "$(BUILT_PRODUCTS_DIR)/ChatView.app/ChatView";
			};
			name = Release;
		};
/* End XCBuildConfiguration section */

/* Begin XCConfigurationList section */
		264400361A6EC97A000B233C /* Build configuration list for PBXProject "ChatView" */ = {
			isa = XCConfigurationList;
			buildConfigurations = (
				264400581A6EC97A000B233C /* Debug */,
				264400591A6EC97A000B233C /* Release */,
			);
			defaultConfigurationIsVisible = 0;
			defaultConfigurationName = Release;
		};
		2644005A1A6EC97A000B233C /* Build configuration list for PBXNativeTarget "ChatView" */ = {
			isa = XCConfigurationList;
			buildConfigurations = (
				2644005B1A6EC97A000B233C /* Debug */,
				2644005C1A6EC97A000B233C /* Release */,
			);
			defaultConfigurationIsVisible = 0;
		};
		2644005D1A6EC97A000B233C /* Build configuration list for PBXNativeTarget "ChatViewTests" */ = {
			isa = XCConfigurationList;
			buildConfigurations = (
				2644005E1A6EC97A000B233C /* Debug */,
				2644005F1A6EC97A000B233C /* Release */,
			);
			defaultConfigurationIsVisible = 0;
		};
/* End XCConfigurationList section */
	};
	rootObject = 264400331A6EC97A000B233C /* Project object */;
}
